
Microsoft Visual Studio Solution File, Format Version 12.00
# Visual Studio 15
VisualStudioVersion = 15.0.27004.2002
MinimumVisualStudioVersion = 10.0.40219.1
Project("{9A19103F-16F7-4668-BE54-9A1E7A4F7556}") = "MvcMovie", "MvcMovie\MvcMovie.csproj", "{EDAC7A13-6949-4236-BCB3-5EF86775A784}"
EndProject
Global
	GlobalSection(SolutionConfigurationPlatforms) = preSolution
		Debug|Any CPU = Debug|Any CPU
		Release|Any CPU = Release|Any CPU
	EndGlobalSection
	GlobalSection(ProjectConfigurationPlatforms) = postSolution
		{EDAC7A13-6949-4236-BCB3-5EF86775A784}.Debug|Any CPU.ActiveCfg = Debug|Any CPU
		{EDAC7A13-6949-4236-BCB3-5EF86775A784}.Debug|Any CPU.Build.0 = Debug|Any CPU
		{EDAC7A13-6949-4236-BCB3-5EF86775A784}.Release|Any CPU.ActiveCfg = Release|Any CPU
		{EDAC7A13-6949-4236-BCB3-5EF86775A784}.Release|Any CPU.Build.0 = Release|Any CPU
	EndGlobalSection
	GlobalSection(SolutionProperties) = preSolution
		HideSolutionNode = FALSE
	EndGlobalSection
	GlobalSection(ExtensibilityGlobals) = postSolution
		SolutionGuid = {6E7FE2A5-FA5B-45E3-AC7E-FA35C0040945}
	EndGlobalSection
EndGlobal
